
Microsoft Visual Studio Solution File, Format Version 12.00
# Visual Studio Version 17
VisualStudioVersion = 17.7.34024.191
MinimumVisualStudioVersion = 10.0.40219.1
Project("{9A19103F-16F7-4668-BE54-9A1E7A4F7556}") = "YMDotNetCore.ConsoleApp", "YMDotNetCore.ConsoleApp\YMDotNetCore.ConsoleApp.csproj", "{249E252A-FA82-4635-A235-310A7BEE7403}"
EndProject
Project("{2150E333-8FDC-42A3-9474-1A3956D46DE8}") = "Document", "Document", "{19B95A0E-8862-466F-98FA-9E5E86AC65DD}"
	ProjectSection(SolutionItems) = preProject
		DotnetTraingBatch4.sql = DotnetTraingBatch4.sql
	EndProjectSection
EndProject
Project("{9A19103F-16F7-4668-BE54-9A1E7A4F7556}") = "YMDotNetCore.RestApi", "YMDotNetCore.RestApi\YMDotNetCore.RestApi.csproj", "{619AA5EB-BA7C-48D8-87CA-32C99255CA86}"
EndProject
Project("{FAE04EC0-301F-11D3-BF4B-00C04F79EFBC}") = "DotnetTrainingBatch4", "DotnetTrainingBatch4\DotnetTrainingBatch4.csproj", "{3208764A-AFAF-4E6E-A09B-4308A2157053}"
EndProject
Global
	GlobalSection(SolutionConfigurationPlatforms) = preSolution
		Debug|Any CPU = Debug|Any CPU
		Release|Any CPU = Release|Any CPU
	EndGlobalSection
	GlobalSection(ProjectConfigurationPlatforms) = postSolution
		{249E252A-FA82-4635-A235-310A7BEE7403}.Debug|Any CPU.ActiveCfg = Debug|Any CPU
		{249E252A-FA82-4635-A235-310A7BEE7403}.Debug|Any CPU.Build.0 = Debug|Any CPU
		{249E252A-FA82-4635-A235-310A7BEE7403}.Release|Any CPU.ActiveCfg = Release|Any CPU
		{249E252A-FA82-4635-A235-310A7BEE7403}.Release|Any CPU.Build.0 = Release|Any CPU
		{619AA5EB-BA7C-48D8-87CA-32C99255CA86}.Debug|Any CPU.ActiveCfg = Debug|Any CPU
		{619AA5EB-BA7C-48D8-87CA-32C99255CA86}.Debug|Any CPU.Build.0 = Debug|Any CPU
		{619AA5EB-BA7C-48D8-87CA-32C99255CA86}.Release|Any CPU.ActiveCfg = Release|Any CPU
		{619AA5EB-BA7C-48D8-87CA-32C99255CA86}.Release|Any CPU.Build.0 = Release|Any CPU
		{3208764A-AFAF-4E6E-A09B-4308A2157053}.Debug|Any CPU.ActiveCfg = Debug|Any CPU
		{3208764A-AFAF-4E6E-A09B-4308A2157053}.Debug|Any CPU.Build.0 = Debug|Any CPU
		{3208764A-AFAF-4E6E-A09B-4308A2157053}.Release|Any CPU.ActiveCfg = Release|Any CPU
		{3208764A-AFAF-4E6E-A09B-4308A2157053}.Release|Any CPU.Build.0 = Release|Any CPU
	EndGlobalSection
	GlobalSection(SolutionProperties) = preSolution
		HideSolutionNode = FALSE
	EndGlobalSection
	GlobalSection(ExtensibilityGlobals) = postSolution
		SolutionGuid = {D47FDBC8-B8C3-4743-853F-82857442C01F}
	EndGlobalSection
EndGlobal
